Microsoft Visual Studio Solution File, Format Version 12.00
# Visual Studio Version 17
VisualStudioVersion = 17.10.35122.118
MinimumVisualStudioVersion = 10.0.40219.1
Project("{2150E333-8FDC-42A3-9474-1A3956D46DE8}") = "Aspire", "Aspire", "{B397BF43-8564-4345-AF06-29D1EE5971EE}"
EndProject
Project("{2150E333-8FDC-42A3-9474-1A3956D46DE8}") = "Services", "Services", "{B270247E-29E4-4671-9A96-CA2371421F44}"
EndProject
Project("{2150E333-8FDC-42A3-9474-1A3956D46DE8}") = "Customer", "Customer", "{7F5E0237-121E-48A1-AF31-FCEF5685550B}"
EndProject
Project("{9A19103F-16F7-4668-BE54-9A1E7A4F7556}") = "ServiceDefaults", "Services\ServiceDefaults\ServiceDefaults.csproj", "{86794298-DAE7-4828-A132-436F82A824C1}"
EndProject
Project("{9A19103F-16F7-4668-BE54-9A1E7A4F7556}") = "Customer.Domain", "Services\Customer\Customer.Domain\Customer.Domain.csproj", "{6DF5E07D-4F4D-4F3B-AEB2-07CB16705E9A}"
EndProject
Project("{9A19103F-16F7-4668-BE54-9A1E7A4F7556}") = "Customer.Application", "Services\Customer\Customer.Application\Customer.Application.csproj", "{876E7E29-5904-40EB-8E4C-8613617A9BF1}"
EndProject
Project("{9A19103F-16F7-4668-BE54-9A1E7A4F7556}") = "Customer.Infrastructure", "Services\Customer\Customer.Infrastructure\Customer.Infrastructure.csproj", "{407978CD-DFD2-4126-837E-208771A231DA}"
EndProject
Project("{9A19103F-16F7-4668-BE54-9A1E7A4F7556}") = "Customer.Web", "Services\Customer\Customer.Web\Customer.Web.csproj", "{8D4607D0-ACC9-45B8-928B-0AFF4C810F19}"
EndProject
Project("{FAE04EC0-301F-11D3-BF4B-00C04F79EFBC}") = "MarketApp.AppHost", "Aspire\MarketApp.AppHost\MarketApp.AppHost.csproj", "{D2FB9C2C-7ABB-4ABE-9537-58482EC66000}"
EndProject
Project("{FAE04EC0-301F-11D3-BF4B-00C04F79EFBC}") = "MarketApp.ServiceDefaults", "Aspire\MarketApp.ServiceDefaults\MarketApp.ServiceDefaults.csproj", "{89C40885-C16D-40D1-AD25-F8FB5D568F1C}"
EndProject
Project("{FAE04EC0-301F-11D3-BF4B-00C04F79EFBC}") = "MarketApp.Tests", "Aspire\MarketApp.Tests\MarketApp.Tests.csproj", "{771BF8BD-18DC-4061-B84D-9CA06A6D8CF9}"
EndProject
Global
	GlobalSection(SolutionConfigurationPlatforms) = preSolution
		Debug|Any CPU = Debug|Any CPU
		Release|Any CPU = Release|Any CPU
	EndGlobalSection
	GlobalSection(ProjectConfigurationPlatforms) = postSolution
		{86794298-DAE7-4828-A132-436F82A824C1}.Debug|Any CPU.ActiveCfg = Debug|Any CPU
		{86794298-DAE7-4828-A132-436F82A824C1}.Debug|Any CPU.Build.0 = Debug|Any CPU
		{86794298-DAE7-4828-A132-436F82A824C1}.Release|Any CPU.ActiveCfg = Release|Any CPU
		{86794298-DAE7-4828-A132-436F82A824C1}.Release|Any CPU.Build.0 = Release|Any CPU
		{6DF5E07D-4F4D-4F3B-AEB2-07CB16705E9A}.Debug|Any CPU.ActiveCfg = Debug|Any CPU
		{6DF5E07D-4F4D-4F3B-AEB2-07CB16705E9A}.Debug|Any CPU.Build.0 = Debug|Any CPU
		{6DF5E07D-4F4D-4F3B-AEB2-07CB16705E9A}.Release|Any CPU.ActiveCfg = Release|Any CPU
		{6DF5E07D-4F4D-4F3B-AEB2-07CB16705E9A}.Release|Any CPU.Build.0 = Release|Any CPU
		{876E7E29-5904-40EB-8E4C-8613617A9BF1}.Debug|Any CPU.ActiveCfg = Debug|Any CPU
		{876E7E29-5904-40EB-8E4C-8613617A9BF1}.Debug|Any CPU.Build.0 = Debug|Any CPU
		{876E7E29-5904-40EB-8E4C-8613617A9BF1}.Release|Any CPU.ActiveCfg = Release|Any CPU
		{876E7E29-5904-40EB-8E4C-8613617A9BF1}.Release|Any CPU.Build.0 = Release|Any CPU
		{407978CD-DFD2-4126-837E-208771A231DA}.Debug|Any CPU.ActiveCfg = Debug|Any CPU
		{407978CD-DFD2-4126-837E-208771A231DA}.Debug|Any CPU.Build.0 = Debug|Any CPU
		{407978CD-DFD2-4126-837E-208771A231DA}.Release|Any CPU.ActiveCfg = Release|Any CPU
		{407978CD-DFD2-4126-837E-208771A231DA}.Release|Any CPU.Build.0 = Release|Any CPU
		{8D4607D0-ACC9-45B8-928B-0AFF4C810F19}.Debug|Any CPU.ActiveCfg = Debug|Any CPU
		{8D4607D0-ACC9-45B8-928B-0AFF4C810F19}.Debug|Any CPU.Build.0 = Debug|Any CPU
		{8D4607D0-ACC9-45B8-928B-0AFF4C810F19}.Release|Any CPU.ActiveCfg = Release|Any CPU
		{8D4607D0-ACC9-45B8-928B-0AFF4C810F19}.Release|Any CPU.Build.0 = Release|Any CPU
		{D2FB9C2C-7ABB-4ABE-9537-58482EC66000}.Debug|Any CPU.ActiveCfg = Debug|Any CPU
		{D2FB9C2C-7ABB-4ABE-9537-58482EC66000}.Debug|Any CPU.Build.0 = Debug|Any CPU
		{D2FB9C2C-7ABB-4ABE-9537-58482EC66000}.Release|Any CPU.ActiveCfg = Release|Any CPU
		{D2FB9C2C-7ABB-4ABE-9537-58482EC66000}.Release|Any CPU.Build.0 = Release|Any CPU
		{89C40885-C16D-40D1-AD25-F8FB5D568F1C}.Debug|Any CPU.ActiveCfg = Debug|Any CPU
		{89C40885-C16D-40D1-AD25-F8FB5D568F1C}.Debug|Any CPU.Build.0 = Debug|Any CPU
		{89C40885-C16D-40D1-AD25-F8FB5D568F1C}.Release|Any CPU.ActiveCfg = Release|Any CPU
		{89C40885-C16D-40D1-AD25-F8FB5D568F1C}.Release|Any CPU.Build.0 = Release|Any CPU
		{771BF8BD-18DC-4061-B84D-9CA06A6D8CF9}.Debug|Any CPU.ActiveCfg = Debug|Any CPU
		{771BF8BD-18DC-4061-B84D-9CA06A6D8CF9}.Debug|Any CPU.Build.0 = Debug|Any CPU
		{771BF8BD-18DC-4061-B84D-9CA06A6D8CF9}.Release|Any CPU.ActiveCfg = Release|Any CPU
		{771BF8BD-18DC-4061-B84D-9CA06A6D8CF9}.Release|Any CPU.Build.0 = Release|Any CPU
	EndGlobalSection
	GlobalSection(SolutionProperties) = preSolution
		HideSolutionNode = FALSE
	EndGlobalSection
	GlobalSection(NestedProjects) = preSolution
		{7F5E0237-121E-48A1-AF31-FCEF5685550B} = {B270247E-29E4-4671-9A96-CA2371421F44}
		{86794298-DAE7-4828-A132-436F82A824C1} = {B270247E-29E4-4671-9A96-CA2371421F44}
		{6DF5E07D-4F4D-4F3B-AEB2-07CB16705E9A} = {7F5E0237-121E-48A1-AF31-FCEF5685550B}
		{876E7E29-5904-40EB-8E4C-8613617A9BF1} = {7F5E0237-121E-48A1-AF31-FCEF5685550B}
		{407978CD-DFD2-4126-837E-208771A231DA} = {7F5E0237-121E-48A1-AF31-FCEF5685550B}
		{8D4607D0-ACC9-45B8-928B-0AFF4C810F19} = {7F5E0237-121E-48A1-AF31-FCEF5685550B}
		{D2FB9C2C-7ABB-4ABE-9537-58482EC66000} = {B397BF43-8564-4345-AF06-29D1EE5971EE}
		{89C40885-C16D-40D1-AD25-F8FB5D568F1C} = {B397BF43-8564-4345-AF06-29D1EE5971EE}
		{771BF8BD-18DC-4061-B84D-9CA06A6D8CF9} = {B397BF43-8564-4345-AF06-29D1EE5971EE}
	EndGlobalSection
	GlobalSection(ExtensibilityGlobals) = postSolution
		SolutionGuid = {24DA575C-3CAA-4821-915C-9D529A1500A2}
	EndGlobalSection
EndGlobal
